<Solution>
  <Project Path="Aspire.AppHost/Aspire.AppHost.csproj" Id="291d3165-a6d4-436d-b74f-8ab1ad656e50" />
  <Project Path="Aspire.ServiceDefaults/Aspire.ServiceDefaults.csproj" />
  <Project Path="PureGym.Application/PureGym.Application.csproj" />
  <Project Path="PureGym.Domain/PureGym.Domain.csproj" />
  <Project Path="PureGym.Infrastructure/PureGym.Infrastructure.csproj" />
  <Project Path="PureGym.SourceGenerators/PureGym.SourceGenerators.csproj" Id="a466d32e-63c7-408f-af3b-8dfe48f7d252" />
  <Project Path="PureGym.WebAPI/PureGym.WebAPI.csproj" />
</Solution>
